
Microsoft Visual Studio Solution File, Format Version 12.00
# Visual Studio 14
VisualStudioVersion = 14.0.24720.0
MinimumVisualStudioVersion = 10.0.40219.1
Project("{FAE04EC0-301F-11D3-BF4B-00C04F79EFBC}") = "AppConfig.Client", "AppConfig.Client\AppConfig.Client.csproj", "{8A303376-269A-4D30-A3D1-84E7F2733C5A}"
EndProject
Project("{FAE04EC0-301F-11D3-BF4B-00C04F79EFBC}") = "AppConfig.Api", "AppConfig.Api\AppConfig.Api.csproj", "{3509E3B7-1F5B-49B3-9398-BB5A9AA489AA}"
EndProject
Project("{FAE04EC0-301F-11D3-BF4B-00C04F79EFBC}") = "AppConfig.Api.Tests", "AppConfig.Api.Tests\AppConfig.Api.Tests.csproj", "{0282B767-2AAF-4662-BC57-C8C6AFE2E142}"
EndProject
Project("{2150E333-8FDC-42A3-9474-1A3956D46DE8}") = "Core", "Core", "{6C1C3532-08A6-439D-9FF1-B938B09FEB28}"
EndProject
Project("{FAE04EC0-301F-11D3-BF4B-00C04F79EFBC}") = "AppConfig.Core", "AppConfig.Core\AppConfig.Core.csproj", "{02E9478C-F0E5-4562-ABB2-E368D50E8795}"
EndProject
Project("{FAE04EC0-301F-11D3-BF4B-00C04F79EFBC}") = "AppConfig.Core.Ef", "AppConfig.Core.Ef\AppConfig.Core.Ef.csproj", "{7E59A756-7006-4DDF-B11C-EE6420AE7C3B}"
EndProject
Project("{FAE04EC0-301F-11D3-BF4B-00C04F79EFBC}") = "AppConfig.Api.Hosting.Iis", "AppConfig.Api.Hosting.Iis\AppConfig.Api.Hosting.Iis.csproj", "{945AC20C-827D-45BD-91F5-671077CBD787}"
EndProject
Global
	GlobalSection(SolutionConfigurationPlatforms) = preSolution
		Debug|Any CPU = Debug|Any CPU
		Release|Any CPU = Release|Any CPU
	EndGlobalSection
	GlobalSection(ProjectConfigurationPlatforms) = postSolution
		{8A303376-269A-4D30-A3D1-84E7F2733C5A}.Debug|Any CPU.ActiveCfg = Debug|Any CPU
		{8A303376-269A-4D30-A3D1-84E7F2733C5A}.Debug|Any CPU.Build.0 = Debug|Any CPU
		{8A303376-269A-4D30-A3D1-84E7F2733C5A}.Release|Any CPU.ActiveCfg = Release|Any CPU
		{8A303376-269A-4D30-A3D1-84E7F2733C5A}.Release|Any CPU.Build.0 = Release|Any CPU
		{3509E3B7-1F5B-49B3-9398-BB5A9AA489AA}.Debug|Any CPU.ActiveCfg = Debug|Any CPU
		{3509E3B7-1F5B-49B3-9398-BB5A9AA489AA}.Debug|Any CPU.Build.0 = Debug|Any CPU
		{3509E3B7-1F5B-49B3-9398-BB5A9AA489AA}.Release|Any CPU.ActiveCfg = Release|Any CPU
		{3509E3B7-1F5B-49B3-9398-BB5A9AA489AA}.Release|Any CPU.Build.0 = Release|Any CPU
		{0282B767-2AAF-4662-BC57-C8C6AFE2E142}.Debug|Any CPU.ActiveCfg = Debug|Any CPU
		{0282B767-2AAF-4662-BC57-C8C6AFE2E142}.Debug|Any CPU.Build.0 = Debug|Any CPU
		{0282B767-2AAF-4662-BC57-C8C6AFE2E142}.Release|Any CPU.ActiveCfg = Release|Any CPU
		{0282B767-2AAF-4662-BC57-C8C6AFE2E142}.Release|Any CPU.Build.0 = Release|Any CPU
		{02E9478C-F0E5-4562-ABB2-E368D50E8795}.Debug|Any CPU.ActiveCfg = Debug|Any CPU
		{02E9478C-F0E5-4562-ABB2-E368D50E8795}.Debug|Any CPU.Build.0 = Debug|Any CPU
		{02E9478C-F0E5-4562-ABB2-E368D50E8795}.Release|Any CPU.ActiveCfg = Release|Any CPU
		{02E9478C-F0E5-4562-ABB2-E368D50E8795}.Release|Any CPU.Build.0 = Release|Any CPU
		{7E59A756-7006-4DDF-B11C-EE6420AE7C3B}.Debug|Any CPU.ActiveCfg = Debug|Any CPU
		{7E59A756-7006-4DDF-B11C-EE6420AE7C3B}.Debug|Any CPU.Build.0 = Debug|Any CPU
		{7E59A756-7006-4DDF-B11C-EE6420AE7C3B}.Release|Any CPU.ActiveCfg = Release|Any CPU
		{7E59A756-7006-4DDF-B11C-EE6420AE7C3B}.Release|Any CPU.Build.0 = Release|Any CPU
		{945AC20C-827D-45BD-91F5-671077CBD787}.Debug|Any CPU.ActiveCfg = Debug|Any CPU
		{945AC20C-827D-45BD-91F5-671077CBD787}.Debug|Any CPU.Build.0 = Debug|Any CPU
		{945AC20C-827D-45BD-91F5-671077CBD787}.Release|Any CPU.ActiveCfg = Release|Any CPU
		{945AC20C-827D-45BD-91F5-671077CBD787}.Release|Any CPU.Build.0 = Release|Any CPU
	EndGlobalSection
	GlobalSection(SolutionProperties) = preSolution
		HideSolutionNode = FALSE
	EndGlobalSection
	GlobalSection(NestedProjects) = preSolution
		{3509E3B7-1F5B-49B3-9398-BB5A9AA489AA} = {6C1C3532-08A6-439D-9FF1-B938B09FEB28}
		{02E9478C-F0E5-4562-ABB2-E368D50E8795} = {6C1C3532-08A6-439D-9FF1-B938B09FEB28}
		{7E59A756-7006-4DDF-B11C-EE6420AE7C3B} = {6C1C3532-08A6-439D-9FF1-B938B09FEB28}
	EndGlobalSection
EndGlobal
