
Microsoft Visual Studio Solution File, Format Version 12.00
# Visual Studio 14
VisualStudioVersion = 14.0.24720.0
MinimumVisualStudioVersion = 10.0.40219.1
Project("{FAE04EC0-301F-11D3-BF4B-00C04F79EFBC}") = "AppConfig.Client", "AppConfig.Client\AppConfig.Client.csproj", "{8A303376-269A-4D30-A3D1-84E7F2733C5A}"
EndProject
Project("{FAE04EC0-301F-11D3-BF4B-00C04F79EFBC}") = "AppConfig.Api", "AppConfig.Api\AppConfig.Api.csproj", "{3509E3B7-1F5B-49B3-9398-BB5A9AA489AA}"
EndProject
Project("{FAE04EC0-301F-11D3-BF4B-00C04F79EFBC}") = "AppConfig.Api.IisHosting", "AppConfig.Api.IisHosting\AppConfig.Api.IisHosting.csproj", "{D61C6343-3B65-4BAB-8D6C-AB17723ED75F}"
EndProject
Project("{FAE04EC0-301F-11D3-BF4B-00C04F79EFBC}") = "AppConfig.Api.Tests", "AppConfig.Api.Tests\AppConfig.Api.Tests.csproj", "{0282B767-2AAF-4662-BC57-C8C6AFE2E142}"
EndProject
Global
	GlobalSection(SolutionConfigurationPlatforms) = preSolution
		Debug|Any CPU = Debug|Any CPU
		Release|Any CPU = Release|Any CPU
	EndGlobalSection
	GlobalSection(ProjectConfigurationPlatforms) = postSolution
		{8A303376-269A-4D30-A3D1-84E7F2733C5A}.Debug|Any CPU.ActiveCfg = Debug|Any CPU
		{8A303376-269A-4D30-A3D1-84E7F2733C5A}.Debug|Any CPU.Build.0 = Debug|Any CPU
		{8A303376-269A-4D30-A3D1-84E7F2733C5A}.Release|Any CPU.ActiveCfg = Release|Any CPU
		{8A303376-269A-4D30-A3D1-84E7F2733C5A}.Release|Any CPU.Build.0 = Release|Any CPU
		{3509E3B7-1F5B-49B3-9398-BB5A9AA489AA}.Debug|Any CPU.ActiveCfg = Debug|Any CPU
		{3509E3B7-1F5B-49B3-9398-BB5A9AA489AA}.Debug|Any CPU.Build.0 = Debug|Any CPU
		{3509E3B7-1F5B-49B3-9398-BB5A9AA489AA}.Release|Any CPU.ActiveCfg = Release|Any CPU
		{3509E3B7-1F5B-49B3-9398-BB5A9AA489AA}.Release|Any CPU.Build.0 = Release|Any CPU
		{D61C6343-3B65-4BAB-8D6C-AB17723ED75F}.Debug|Any CPU.ActiveCfg = Debug|Any CPU
		{D61C6343-3B65-4BAB-8D6C-AB17723ED75F}.Debug|Any CPU.Build.0 = Debug|Any CPU
		{D61C6343-3B65-4BAB-8D6C-AB17723ED75F}.Release|Any CPU.ActiveCfg = Release|Any CPU
		{D61C6343-3B65-4BAB-8D6C-AB17723ED75F}.Release|Any CPU.Build.0 = Release|Any CPU
		{0282B767-2AAF-4662-BC57-C8C6AFE2E142}.Debug|Any CPU.ActiveCfg = Debug|Any CPU
		{0282B767-2AAF-4662-BC57-C8C6AFE2E142}.Debug|Any CPU.Build.0 = Debug|Any CPU
		{0282B767-2AAF-4662-BC57-C8C6AFE2E142}.Release|Any CPU.ActiveCfg = Release|Any CPU
		{0282B767-2AAF-4662-BC57-C8C6AFE2E142}.Release|Any CPU.Build.0 = Release|Any CPU
	EndGlobalSection
	GlobalSection(SolutionProperties) = preSolution
		HideSolutionNode = FALSE
	EndGlobalSection
EndGlobal
